
Microsoft Visual Studio Solution File, Format Version 12.00
# Visual Studio 2012
Project("{FAE04EC0-301F-11D3-BF4B-00C04F79EFBC}") = "ICT13580069A2", "ICT13580069A2\ICT13580069A2.csproj", "{C14BDF78-63B9-4934-BC40-73362CA0B953}"
EndProject
Project("{FAE04EC0-301F-11D3-BF4B-00C04F79EFBC}") = "ICT13580069A2.iOS", "iOS\ICT13580069A2.iOS.csproj", "{6DF12EF1-AAFA-44DE-98B9-748C6745B2B5}"
EndProject
Project("{FAE04EC0-301F-11D3-BF4B-00C04F79EFBC}") = "ICT13580069A2.Droid", "Droid\ICT13580069A2.Droid.csproj", "{05B8A74A-9DE4-4A54-953B-7163832B3428}"
EndProject
Global
	GlobalSection(SolutionConfigurationPlatforms) = preSolution
		Debug|Any CPU = Debug|Any CPU
		Release|Any CPU = Release|Any CPU
		Debug|iPhoneSimulator = Debug|iPhoneSimulator
		Release|iPhone = Release|iPhone
		Release|iPhoneSimulator = Release|iPhoneSimulator
		Debug|iPhone = Debug|iPhone
	EndGlobalSection
	GlobalSection(ProjectConfigurationPlatforms) = postSolution
		{C14BDF78-63B9-4934-BC40-73362CA0B953}.Debug|Any CPU.ActiveCfg = Debug|Any CPU
		{C14BDF78-63B9-4934-BC40-73362CA0B953}.Debug|Any CPU.Build.0 = Debug|Any CPU
		{C14BDF78-63B9-4934-BC40-73362CA0B953}.Release|Any CPU.ActiveCfg = Release|Any CPU
		{C14BDF78-63B9-4934-BC40-73362CA0B953}.Release|Any CPU.Build.0 = Release|Any CPU
		{C14BDF78-63B9-4934-BC40-73362CA0B953}.Debug|iPhoneSimulator.ActiveCfg = Debug|Any CPU
		{C14BDF78-63B9-4934-BC40-73362CA0B953}.Debug|iPhoneSimulator.Build.0 = Debug|Any CPU
		{C14BDF78-63B9-4934-BC40-73362CA0B953}.Release|iPhone.ActiveCfg = Release|Any CPU
		{C14BDF78-63B9-4934-BC40-73362CA0B953}.Release|iPhone.Build.0 = Release|Any CPU
		{C14BDF78-63B9-4934-BC40-73362CA0B953}.Release|iPhoneSimulator.ActiveCfg = Release|Any CPU
		{C14BDF78-63B9-4934-BC40-73362CA0B953}.Release|iPhoneSimulator.Build.0 = Release|Any CPU
		{C14BDF78-63B9-4934-BC40-73362CA0B953}.Debug|iPhone.ActiveCfg = Debug|Any CPU
		{C14BDF78-63B9-4934-BC40-73362CA0B953}.Debug|iPhone.Build.0 = Debug|Any CPU
		{6DF12EF1-AAFA-44DE-98B9-748C6745B2B5}.Debug|Any CPU.ActiveCfg = Debug|iPhoneSimulator
		{6DF12EF1-AAFA-44DE-98B9-748C6745B2B5}.Debug|Any CPU.Build.0 = Debug|iPhoneSimulator
		{6DF12EF1-AAFA-44DE-98B9-748C6745B2B5}.Release|Any CPU.ActiveCfg = Release|iPhone
		{6DF12EF1-AAFA-44DE-98B9-748C6745B2B5}.Release|Any CPU.Build.0 = Release|iPhone
		{6DF12EF1-AAFA-44DE-98B9-748C6745B2B5}.Debug|iPhoneSimulator.ActiveCfg = Debug|iPhoneSimulator
		{6DF12EF1-AAFA-44DE-98B9-748C6745B2B5}.Debug|iPhoneSimulator.Build.0 = Debug|iPhoneSimulator
		{6DF12EF1-AAFA-44DE-98B9-748C6745B2B5}.Release|iPhone.ActiveCfg = Release|iPhone
		{6DF12EF1-AAFA-44DE-98B9-748C6745B2B5}.Release|iPhone.Build.0 = Release|iPhone
		{6DF12EF1-AAFA-44DE-98B9-748C6745B2B5}.Release|iPhoneSimulator.ActiveCfg = Release|iPhoneSimulator
		{6DF12EF1-AAFA-44DE-98B9-748C6745B2B5}.Release|iPhoneSimulator.Build.0 = Release|iPhoneSimulator
		{6DF12EF1-AAFA-44DE-98B9-748C6745B2B5}.Debug|iPhone.ActiveCfg = Debug|iPhone
		{6DF12EF1-AAFA-44DE-98B9-748C6745B2B5}.Debug|iPhone.Build.0 = Debug|iPhone
		{05B8A74A-9DE4-4A54-953B-7163832B3428}.Debug|Any CPU.ActiveCfg = Debug|Any CPU
		{05B8A74A-9DE4-4A54-953B-7163832B3428}.Debug|Any CPU.Build.0 = Debug|Any CPU
		{05B8A74A-9DE4-4A54-953B-7163832B3428}.Release|Any CPU.ActiveCfg = Release|Any CPU
		{05B8A74A-9DE4-4A54-953B-7163832B3428}.Release|Any CPU.Build.0 = Release|Any CPU
		{05B8A74A-9DE4-4A54-953B-7163832B3428}.Debug|iPhoneSimulator.ActiveCfg = Debug|Any CPU
		{05B8A74A-9DE4-4A54-953B-7163832B3428}.Debug|iPhoneSimulator.Build.0 = Debug|Any CPU
		{05B8A74A-9DE4-4A54-953B-7163832B3428}.Release|iPhone.ActiveCfg = Release|Any CPU
		{05B8A74A-9DE4-4A54-953B-7163832B3428}.Release|iPhone.Build.0 = Release|Any CPU
		{05B8A74A-9DE4-4A54-953B-7163832B3428}.Release|iPhoneSimulator.ActiveCfg = Release|Any CPU
		{05B8A74A-9DE4-4A54-953B-7163832B3428}.Release|iPhoneSimulator.Build.0 = Release|Any CPU
		{05B8A74A-9DE4-4A54-953B-7163832B3428}.Debug|iPhone.ActiveCfg = Debug|Any CPU
		{05B8A74A-9DE4-4A54-953B-7163832B3428}.Debug|iPhone.Build.0 = Debug|Any CPU
	EndGlobalSection
EndGlobal
